
Microsoft Visual Studio Solution File, Format Version 12.00
# Visual Studio Version 17
VisualStudioVersion = 17.6.33829.357
MinimumVisualStudioVersion = 10.0.40219.1
Project("{FAE04EC0-301F-11D3-BF4B-00C04F79EFBC}") = "GeneradorClave", "GeneradorClave.csproj", "{BB1FCC6E-2D80-4D34-BB93-11367984E92F}"
EndProject
Global
	GlobalSection(SolutionConfigurationPlatforms) = preSolution
		Debug|Any CPU = Debug|Any CPU
		Release|Any CPU = Release|Any CPU
	EndGlobalSection
	GlobalSection(ProjectConfigurationPlatforms) = postSolution
		{BB1FCC6E-2D80-4D34-BB93-11367984E92F}.Debug|Any CPU.ActiveCfg = Debug|Any CPU
		{BB1FCC6E-2D80-4D34-BB93-11367984E92F}.Debug|Any CPU.Build.0 = Debug|Any CPU
		{BB1FCC6E-2D80-4D34-BB93-11367984E92F}.Release|Any CPU.ActiveCfg = Release|Any CPU
		{BB1FCC6E-2D80-4D34-BB93-11367984E92F}.Release|Any CPU.Build.0 = Release|Any CPU
	EndGlobalSection
	GlobalSection(SolutionProperties) = preSolution
		HideSolutionNode = FALSE
	EndGlobalSection
	GlobalSection(ExtensibilityGlobals) = postSolution
		SolutionGuid = {869FEC27-563F-44FC-B986-42576DE4B13E}
	EndGlobalSection
EndGlobal
